
Microsoft Visual Studio Solution File, Format Version 12.00
# Visual Studio Version 16
VisualStudioVersion = 16.0.29806.167
MinimumVisualStudioVersion = 10.0.40219.1
Project("{9A19103F-16F7-4668-BE54-9A1E7A4F7556}") = "ToDoItem-SampleApp", "WebApplication3\ToDoItem-SampleApp.csproj", "{30DBD369-4FE5-4F21-BA3E-6B4D9A3DBE45}"
EndProject
Project("{FAE04EC0-301F-11D3-BF4B-00C04F79EFBC}") = "ToDoItemControllerTests", "ToDoItemControllerTests\ToDoItemControllerTests.csproj", "{C560C45A-C0A6-42D4-B8C9-809D0560652F}"
	ProjectSection(ProjectDependencies) = postProject
		{30DBD369-4FE5-4F21-BA3E-6B4D9A3DBE45} = {30DBD369-4FE5-4F21-BA3E-6B4D9A3DBE45}
	EndProjectSection
EndProject
Global
	GlobalSection(SolutionConfigurationPlatforms) = preSolution
		Debug|Any CPU = Debug|Any CPU
		Release|Any CPU = Release|Any CPU
	EndGlobalSection
	GlobalSection(ProjectConfigurationPlatforms) = postSolution
		{30DBD369-4FE5-4F21-BA3E-6B4D9A3DBE45}.Debug|Any CPU.ActiveCfg = Debug|Any CPU
		{30DBD369-4FE5-4F21-BA3E-6B4D9A3DBE45}.Debug|Any CPU.Build.0 = Debug|Any CPU
		{30DBD369-4FE5-4F21-BA3E-6B4D9A3DBE45}.Release|Any CPU.ActiveCfg = Release|Any CPU
		{30DBD369-4FE5-4F21-BA3E-6B4D9A3DBE45}.Release|Any CPU.Build.0 = Release|Any CPU
		{C560C45A-C0A6-42D4-B8C9-809D0560652F}.Debug|Any CPU.ActiveCfg = Debug|Any CPU
		{C560C45A-C0A6-42D4-B8C9-809D0560652F}.Debug|Any CPU.Build.0 = Debug|Any CPU
		{C560C45A-C0A6-42D4-B8C9-809D0560652F}.Release|Any CPU.ActiveCfg = Release|Any CPU
		{C560C45A-C0A6-42D4-B8C9-809D0560652F}.Release|Any CPU.Build.0 = Release|Any CPU
	EndGlobalSection
	GlobalSection(SolutionProperties) = preSolution
		HideSolutionNode = FALSE
	EndGlobalSection
	GlobalSection(ExtensibilityGlobals) = postSolution
		SolutionGuid = {43B767EA-930E-4C0B-B6CA-CC1AA14D1995}
	EndGlobalSection
EndGlobal
